github.com/bmheenan/taps v0.0.0-20201031141326-81b4c9251374 h1:j/d525E/jC2oRi4Lc02UC9g+miF7hqJ62W7ye/kh2d8=
github.com/bmheenan/taps v0.0.0-20201031141326-81b4c9251374/go.mod h1:H6HrpTwiPHsDKciJIt9dWIvmlsjBszoXADE6DGOCh40=
github.com/go-sql-driver/mysql v1.5.0 h1:ozyZYNQW3x3HtqT1jira07DN2PArx2v7/mN66gGcHOs=
github.com/go-sql-driver/mysql v1.5.0/go.mod h1:DCzpHaOWr8IXmIStZouvnhqoel9Qv2LBy8hT2VhHyBg=
