github.com/bmheenan/taps v0.0.0-20201031141326-81b4c9251374 h1:j/d525E/jC2oRi4Lc02UC9g+miF7hqJ62W7ye/kh2d8=
github.com/bmheenan/taps v0.0.0-20201031141326-81b4c9251374/go.mod h1:H6HrpTwiPHsDKciJIt9dWIvmlsjBszoXADE6DGOCh40=
github.com/bmheenan/taps v0.0.0-20201101235118-6f4b0edbd1dc h1:zqZ/R6+8W/FoPeiQDPY2jJDTKcHQ07cUqrTnXx74vYE=
github.com/bmheenan/taps v0.0.0-20201101235118-6f4b0edbd1dc/go.mod h1:H6HrpTwiPHsDKciJIt9dWIvmlsjBszoXADE6DGOCh40=
github.com/bmheenan/taps v0.0.0-20201107234856-ef2dfd88d458 h1:oM8gMP8iwYaLgWbYDldr43sipd819NNnnIIl3Xifdog=
github.com/bmheenan/taps v0.0.0-20201107234856-ef2dfd88d458/go.mod h1:H6HrpTwiPHsDKciJIt9dWIvmlsjBszoXADE6DGOCh40=
github.com/bmheenan/taps v0.0.0-20201108020940-cf9f5a68ab12 h1:Kw1R7HHA0XedOJn4v/YOf2ysJVRG3dZEStFENYh/n8E=
github.com/bmheenan/taps v0.0.0-20201108020940-cf9f5a68ab12/go.mod h1:H6HrpTwiPHsDKciJIt9dWIvmlsjBszoXADE6DGOCh40=
github.com/bmheenan/taps v0.0.0-20201108125953-f12bf6f24309 h1:W0G7B/KC07W6G7XpHcnigpyOfwWZIJ/O53X/3OUDmzI=
github.com/bmheenan/taps v0.0.0-20201108125953-f12bf6f24309/go.mod h1:H6HrpTwiPHsDKciJIt9dWIvmlsjBszoXADE6DGOCh40=
github.com/bmheenan/taps v0.0.0-20201115020459-9f50cb06086f h1:xAIulFbiZnHGeE3s1zh6ywL3aURovRr9sCoGz6/U0Do=
github.com/bmheenan/taps v0.0.0-20201115020459-9f50cb06086f/go.mod h1:H6HrpTwiPHsDKciJIt9dWIvmlsjBszoXADE6DGOCh40=
github.com/bmheenan/taps v0.0.0-20201115182215-c8ca0105b20e h1:URf8hFedaSdieHRFZA7v7Vh+rHTjs9OLDEk7ZHbbAOM=
github.com/bmheenan/taps v0.0.0-20201115182215-c8ca0105b20e/go.mod h1:H6HrpTwiPHsDKciJIt9dWIvmlsjBszoXADE6DGOCh40=
github.com/bmheenan/taps v0.0.0-20201121193918-489495a2b880 h1:yEovpg1qu9qqlFvr085PdJAKV1TphQ3qYWLKoARFU7I=
github.com/bmheenan/taps v0.0.0-20201121193918-489495a2b880/go.mod h1:H6HrpTwiPHsDKciJIt9dWIvmlsjBszoXADE6DGOCh40=
github.com/bmheenan/taps v0.0.0-20201209131338-773bf4c50801 h1:4NY+7yncb9BBlj3BT7N4Ki7eRfymUULmx0U4J7rdcgQ=
github.com/bmheenan/taps v0.0.0-20201209131338-773bf4c50801/go.mod h1:H6HrpTwiPHsDKciJIt9dWIvmlsjBszoXADE6DGOCh40=
github.com/go-sql-driver/mysql v1.5.0 h1:ozyZYNQW3x3HtqT1jira07DN2PArx2v7/mN66gGcHOs=
github.com/go-sql-driver/mysql v1.5.0/go.mod h1:DCzpHaOWr8IXmIStZouvnhqoel9Qv2LBy8hT2VhHyBg=
